
Microsoft Visual Studio Solution File, Format Version 12.00
# Visual Studio Version 17
VisualStudioVersion = 17.4.33122.133
MinimumVisualStudioVersion = 10.0.40219.1
Project("{9A19103F-16F7-4668-BE54-9A1E7A4F7556}") = "quizApp", "quizApp.csproj", "{9CFCEC8F-F2EB-4345-937F-1D60EFB3F839}"
EndProject
Global
	GlobalSection(SolutionConfigurationPlatforms) = preSolution
		Debug|Any CPU = Debug|Any CPU
		Release|Any CPU = Release|Any CPU
	EndGlobalSection
	GlobalSection(ProjectConfigurationPlatforms) = postSolution
		{9CFCEC8F-F2EB-4345-937F-1D60EFB3F839}.Debug|Any CPU.ActiveCfg = Debug|Any CPU
		{9CFCEC8F-F2EB-4345-937F-1D60EFB3F839}.Debug|Any CPU.Build.0 = Debug|Any CPU
		{9CFCEC8F-F2EB-4345-937F-1D60EFB3F839}.Release|Any CPU.ActiveCfg = Release|Any CPU
		{9CFCEC8F-F2EB-4345-937F-1D60EFB3F839}.Release|Any CPU.Build.0 = Release|Any CPU
	EndGlobalSection
	GlobalSection(SolutionProperties) = preSolution
		HideSolutionNode = FALSE
	EndGlobalSection
	GlobalSection(ExtensibilityGlobals) = postSolution
		SolutionGuid = {9D787394-01C3-4485-990F-F413B962C56F}
	EndGlobalSection
EndGlobal
